
Microsoft Visual Studio Solution File, Format Version 12.00
# Visual Studio Version 17
VisualStudioVersion = 17.1.32421.90
MinimumVisualStudioVersion = 10.0.40219.1
Project("{FAE04EC0-301F-11D3-BF4B-00C04F79EFBC}") = "HW10", "HW10\HW10.csproj", "{617D8650-00EC-4889-A7EF-D553F77641D8}"
EndProject
Global
	GlobalSection(SolutionConfigurationPlatforms) = preSolution
		Debug|Any CPU = Debug|Any CPU
		Release|Any CPU = Release|Any CPU
	EndGlobalSection
	GlobalSection(ProjectConfigurationPlatforms) = postSolution
		{617D8650-00EC-4889-A7EF-D553F77641D8}.Debug|Any CPU.ActiveCfg = Debug|Any CPU
		{617D8650-00EC-4889-A7EF-D553F77641D8}.Debug|Any CPU.Build.0 = Debug|Any CPU
		{617D8650-00EC-4889-A7EF-D553F77641D8}.Release|Any CPU.ActiveCfg = Release|Any CPU
		{617D8650-00EC-4889-A7EF-D553F77641D8}.Release|Any CPU.Build.0 = Release|Any CPU
	EndGlobalSection
	GlobalSection(SolutionProperties) = preSolution
		HideSolutionNode = FALSE
	EndGlobalSection
	GlobalSection(ExtensibilityGlobals) = postSolution
		SolutionGuid = {40C97ABA-2648-4775-BDC9-C93552C51BE0}
	EndGlobalSection
EndGlobal
